
Microsoft Visual Studio Solution File, Format Version 12.00
# Visual Studio Version 17
VisualStudioVersion = 17.1.32210.238
MinimumVisualStudioVersion = 10.0.40219.1
Project("{FAE04EC0-301F-11D3-BF4B-00C04F79EFBC}") = "WebLoginSystemSample", "WebLoginSystemSample\WebLoginSystemSample.csproj", "{4B9C8FAA-CB51-43C2-9C57-01DE500D2771}"
EndProject
Global
	GlobalSection(SolutionConfigurationPlatforms) = preSolution
		Debug|Any CPU = Debug|Any CPU
		Release|Any CPU = Release|Any CPU
	EndGlobalSection
	GlobalSection(ProjectConfigurationPlatforms) = postSolution
		{4B9C8FAA-CB51-43C2-9C57-01DE500D2771}.Debug|Any CPU.ActiveCfg = Debug|Any CPU
		{4B9C8FAA-CB51-43C2-9C57-01DE500D2771}.Debug|Any CPU.Build.0 = Debug|Any CPU
		{4B9C8FAA-CB51-43C2-9C57-01DE500D2771}.Release|Any CPU.ActiveCfg = Release|Any CPU
		{4B9C8FAA-CB51-43C2-9C57-01DE500D2771}.Release|Any CPU.Build.0 = Release|Any CPU
	EndGlobalSection
	GlobalSection(SolutionProperties) = preSolution
		HideSolutionNode = FALSE
	EndGlobalSection
	GlobalSection(ExtensibilityGlobals) = postSolution
		SolutionGuid = {11D2D295-6AE8-4489-8F10-E0770003975E}
	EndGlobalSection
EndGlobal
